
Microsoft Visual Studio Solution File, Format Version 12.00
# Visual Studio Version 16
VisualStudioVersion = 16.0.34601.136
MinimumVisualStudioVersion = 10.0.40219.1
Project("{FAE04EC0-301F-11D3-BF4B-00C04F79EFBC}") = "ChatApp", "ChatApp.csproj", "{328BC89C-0032-4A67-8885-CAC59F13DBE8}"
EndProject
Global
	GlobalSection(SolutionConfigurationPlatforms) = preSolution
		Debug|Any CPU = Debug|Any CPU
		Release|Any CPU = Release|Any CPU
	EndGlobalSection
	GlobalSection(ProjectConfigurationPlatforms) = postSolution
		{328BC89C-0032-4A67-8885-CAC59F13DBE8}.Debug|Any CPU.ActiveCfg = Debug|Any CPU
		{328BC89C-0032-4A67-8885-CAC59F13DBE8}.Debug|Any CPU.Build.0 = Debug|Any CPU
		{328BC89C-0032-4A67-8885-CAC59F13DBE8}.Release|Any CPU.ActiveCfg = Release|Any CPU
		{328BC89C-0032-4A67-8885-CAC59F13DBE8}.Release|Any CPU.Build.0 = Release|Any CPU
	EndGlobalSection
	GlobalSection(SolutionProperties) = preSolution
		HideSolutionNode = FALSE
	EndGlobalSection
	GlobalSection(ExtensibilityGlobals) = postSolution
		SolutionGuid = {D5FB1817-1592-43BB-9B46-A4DE99EE62DA}
	EndGlobalSection
EndGlobal
